{
  "name": "plain-color",
  "version": "0.0.1",
  "lockfileVersion": 3,
  "requires": true,
  "packages": {
    "": {
      "name": "plain-color",
      "version": "0.0.1",
      "license": "MIT",
      "dependencies": {
        "@server/next": "^0.21.0"
      }
    },
    "node_modules/@server/next": {
      "version": "0.21.0",
      "resolved": "https://registry.npmjs.org/@server/next/-/next-0.21.0.tgz",
      "integrity": "sha512-D6q73kUQihMKvoyTubsLAoTxU8gX8hPEAzYVvyMoSBA91HZgmvQaUesgjSTcx9GW9GLWXciTQcQIOGIpuPfcYA==",
      "license": "UNLICENSED",
      "engines": {
        "node": ">=20.0.0"
      },
      "funding": {
        "url": "https://www.paypal.me/franciscopresencia/19"
      }
    }
  }
}
